// !$*UTF8*$!
{
	archiveVersion = 1;
	classes = {
	};
	objectVersion = 48;
	objects = {

/* Begin PBXBuildFile section */
		173B7DBD20078D490016900C /* AppDelegate.swift in Sources */ = {isa = PBXBuildFile; fileRef = 173B7DBC20078D490016900C /* AppDelegate.swift */; };
		173B7DBF20078D490016900C /* ViewController.swift in Sources */ = {isa = PBXBuildFile; fileRef = 173B7DBE20078D490016900C /* ViewController.swift */; };
		173B7DC220078D490016900C /* Main.storyboard in Resources */ = {isa = PBXBuildFile; fileRef = 173B7DC020078D490016900C /* Main.storyboard */; };
		173B7DC420078D490016900C /* Assets.xcassets in Resources */ = {isa = PBXBuildFile; fileRef = 173B7DC320078D490016900C /* Assets.xcassets */; };
		173B7DC720078D490016900C /* LaunchScreen.storyboard in Resources */ = {isa = PBXBuildFile; fileRef = 173B7DC520078D490016900C /* LaunchScreen.storyboard */; };
		173B7DD220078D490016900C /* FirstWatchAppTests.swift in Sources */ = {isa = PBXBuildFile; fileRef = 173B7DD120078D490016900C /* FirstWatchAppTests.swift */; };
		173B7DD720078D490016900C /* FirstWatchApp WatchKit App.app in Embed Watch Content */ = {isa = PBXBuildFile; fileRef = 173B7DD620078D490016900C /* FirstWatchApp WatchKit App.app */; };
		173B7DDD20078D490016900C /* Interface.storyboard in Resources */ = {isa = PBXBuildFile; fileRef = 173B7DDB20078D490016900C /* Interface.storyboard */; };
		173B7DDF20078D490016900C /* Assets.xcassets in Resources */ = {isa = PBXBuildFile; fileRef = 173B7DDE20078D490016900C /* Assets.xcassets */; };
		173B7DE620078D490016900C /* FirstWatchApp WatchKit Extension.appex in Embed App Extensions */ = {isa = PBXBuildFile; fileRef = 173B7DE520078D490016900C /* FirstWatchApp WatchKit Extension.appex */; settings = {ATTRIBUTES = (RemoveHeadersOnCopy, ); }; };
		173B7DEB20078D490016900C /* InterfaceController.swift in Sources */ = {isa = PBXBuildFile; fileRef = 173B7DEA20078D490016900C /* InterfaceController.swift */; };
		173B7DED20078D490016900C /* ExtensionDelegate.swift in Sources */ = {isa = PBXBuildFile; fileRef = 173B7DEC20078D490016900C /* ExtensionDelegate.swift */; };
		173B7DEF20078D490016900C /* NotificationController.swift in Sources */ = {isa = PBXBuildFile; fileRef = 173B7DEE20078D490016900C /* NotificationController.swift */; };
		173B7DF120078D490016900C /* ComplicationController.swift in Sources */ = {isa = PBXBuildFile; fileRef = 173B7DF020078D490016900C /* ComplicationController.swift */; };
		173B7DF320078D490016900C /* Assets.xcassets in Resources */ = {isa = PBXBuildFile; fileRef = 173B7DF220078D490016900C /* Assets.xcassets */; };
/* End PBXBuildFile section */

/* Begin PBXContainerItemProxy section */
		173B7DCE20078D490016900C /* PBXContainerItemProxy */ = {
			isa = PBXContainerItemProxy;
			containerPortal = 173B7DB120078D490016900C /* Project object */;
			proxyType = 1;
			remoteGlobalIDString = 173B7DB820078D490016900C;
			remoteInfo = FirstWatchApp;
		};
		173B7DD820078D490016900C /* PBXContainerItemProxy */ = {
			isa = PBXContainerItemProxy;
			containerPortal = 173B7DB120078D490016900C /* Project object */;
			proxyType = 1;
			remoteGlobalIDString = 173B7DD520078D490016900C;
			remoteInfo = "FirstWatchApp WatchKit App";
		};
		173B7DE720078D490016900C /* PBXContainerItemProxy */ = {
			isa = PBXContainerItemProxy;
			containerPortal = 173B7DB120078D490016900C /* Project object */;
			proxyType = 1;
			remoteGlobalIDString = 173B7DE420078D490016900C;
			remoteInfo = "FirstWatchApp WatchKit Extension";
		};
/* End PBXContainerItemProxy section */

/* Begin PBXCopyFilesBuildPhase section */
		173B7DFB20078D490016900C /* Embed App Extensions */ = {
			isa = PBXCopyFilesBuildPhase;
			buildActionMask = 2147483647;
			dstPath = "";
			dstSubfolderSpec = 13;
			files = (
				173B7DE620078D490016900C /* FirstWatchApp WatchKit Extension.appex in Embed App Extensions */,
			);
			name = "Embed App Extensions";
			runOnlyForDeploymentPostprocessing = 0;
		};
		173B7DFF20078D490016900C /* Embed Watch Content */ = {
			isa = PBXCopyFilesBuildPhase;
			buildActionMask = 2147483647;
			dstPath = "$(CONTENTS_FOLDER_PATH)/Watch";
			dstSubfolderSpec = 16;
			files = (
				173B7DD720078D490016900C /* FirstWatchApp WatchKit App.app in Embed Watch Content */,
			);
			name = "Embed Watch Content";
			runOnlyForDeploymentPostprocessing = 0;
		};
/* End PBXCopyFilesBuildPhase section */

/* Begin PBXFileReference section */
		173B7DB920078D490016900C /* FirstWatchApp.app */ = {isa = PBXFileReference; explicitFileType = wrapper.application; includeInIndex = 0; path = FirstWatchApp.app; sourceTree = BUILT_PRODUCTS_DIR; };
		173B7DBC20078D490016900C /* AppDelegate.swift */ = {isa = PBXFileReference; lastKnownFileType = sourcecode.swift; path = AppDelegate.swift; sourceTree = "<group>"; };
		173B7DBE20078D490016900C /* ViewController.swift */ = {isa = PBXFileReference; lastKnownFileType = sourcecode.swift; path = ViewController.swift; sourceTree = "<group>"; };
		173B7DC120078D490016900C /* Base */ = {isa = PBXFileReference; lastKnownFileType = file.storyboard; name = Base; path = Base.lproj/Main.storyboard; sourceTree = "<group>"; };
		173B7DC320078D490016900C /* Assets.xcassets */ = {isa = PBXFileReference; lastKnownFileType = folder.assetcatalog; path = Assets.xcassets; sourceTree = "<group>"; };
		173B7DC620078D490016900C /* Base */ = {isa = PBXFileReference; lastKnownFileType = file.storyboard; name = Base; path = Base.lproj/LaunchScreen.storyboard; sourceTree = "<group>"; };
		173B7DC820078D490016900C /* Info.plist */ = {isa = PBXFileReference; lastKnownFileType = text.plist.xml; path = Info.plist; sourceTree = "<group>"; };
		173B7DCD20078D490016900C /* FirstWatchAppTests.xctest */ = {isa = PBXFileReference; explicitFileType = wrapper.cfbundle; includeInIndex = 0; path = FirstWatchAppTests.xctest; sourceTree = BUILT_PRODUCTS_DIR; };
		173B7DD120078D490016900C /* FirstWatchAppTests.swift */ = {isa = PBXFileReference; lastKnownFileType = sourcecode.swift; path = FirstWatchAppTests.swift; sourceTree = "<group>"; };
		173B7DD320078D490016900C /* Info.plist */ = {isa = PBXFileReference; lastKnownFileType = text.plist.xml; path = Info.plist; sourceTree = "<group>"; };
		173B7DD620078D490016900C /* FirstWatchApp WatchKit App.app */ = {isa = PBXFileReference; explicitFileType = wrapper.application; includeInIndex = 0; path = "FirstWatchApp WatchKit App.app"; sourceTree = BUILT_PRODUCTS_DIR; };
		173B7DDC20078D490016900C /* Base */ = {isa = PBXFileReference; lastKnownFileType = file.storyboard; name = Base; path = Base.lproj/Interface.storyboard; sourceTree = "<group>"; };
		173B7DDE20078D490016900C /* Assets.xcassets */ = {isa = PBXFileReference; lastKnownFileType = folder.assetcatalog; path = Assets.xcassets; sourceTree = "<group>"; };
		173B7DE020078D490016900C /* Info.plist */ = {isa = PBXFileReference; lastKnownFileType = text.plist.xml; path = Info.plist; sourceTree = "<group>"; };
		173B7DE520078D490016900C /* FirstWatchApp WatchKit Extension.appex */ = {isa = PBXFileReference; explicitFileType = "wrapper.app-extension"; includeInIndex = 0; path = "FirstWatchApp WatchKit Extension.appex"; sourceTree = BUILT_PRODUCTS_DIR; };
		173B7DEA20078D490016900C /* InterfaceController.swift */ = {isa = PBXFileReference; lastKnownFileType = sourcecode.swift; path = InterfaceController.swift; sourceTree = "<group>"; };
		173B7DEC20078D490016900C /* ExtensionDelegate.swift */ = {isa = PBXFileReference; lastKnownFileType = sourcecode.swift; path = ExtensionDelegate.swift; sourceTree = "<group>"; };
		173B7DEE20078D490016900C /* NotificationController.swift */ = {isa = PBXFileReference; lastKnownFileType = sourcecode.swift; path = NotificationController.swift; sourceTree = "<group>"; };
		173B7DF020078D490016900C /* ComplicationController.swift */ = {isa = PBXFileReference; lastKnownFileType = sourcecode.swift; path = ComplicationController.swift; sourceTree = "<group>"; };
		173B7DF220078D490016900C /* Assets.xcassets */ = {isa = PBXFileReference; lastKnownFileType = folder.assetcatalog; path = Assets.xcassets; sourceTree = "<group>"; };
		173B7DF420078D490016900C /* Info.plist */ = {isa = PBXFileReference; lastKnownFileType = text.plist.xml; path = Info.plist; sourceTree = "<group>"; };
		173B7DF520078D490016900C /* PushNotificationPayload.apns */ = {isa = PBXFileReference; lastKnownFileType = text; path = PushNotificationPayload.apns; sourceTree = "<group>"; };
/* End PBXFileReference section */

/* Begin PBXFrameworksBuildPhase section */
		173B7DB620078D490016900C /* Frameworks */ = {
			isa = PBXFrameworksBuildPhase;
			buildActionMask = 2147483647;
			files = (
			);
			runOnlyForDeploymentPostprocessing = 0;
		};
		173B7DCA20078D490016900C /* Frameworks */ = {
			isa = PBXFrameworksBuildPhase;
			buildActionMask = 2147483647;
			files = (
			);
			runOnlyForDeploymentPostprocessing = 0;
		};
		173B7DE220078D490016900C /* Frameworks */ = {
			isa = PBXFrameworksBuildPhase;
			buildActionMask = 2147483647;
			files = (
			);
			runOnlyForDeploymentPostprocessing = 0;
		};
/* End PBXFrameworksBuildPhase section */

/* Begin PBXGroup section */
		173B7DB020078D490016900C = {
			isa = PBXGroup;
			children = (
				173B7DBB20078D490016900C /* FirstWatchApp */,
				173B7DDA20078D490016900C /* FirstWatchApp WatchKit App */,
				173B7DE920078D490016900C /* FirstWatchApp WatchKit Extension */,
				173B7DD020078D490016900C /* FirstWatchAppTests */,
				173B7DBA20078D490016900C /* Products */,
			);
			sourceTree = "<group>";
		};
		173B7DBA20078D490016900C /* Products */ = {
			isa = PBXGroup;
			children = (
				173B7DB920078D490016900C /* FirstWatchApp.app */,
				173B7DCD20078D490016900C /* FirstWatchAppTests.xctest */,
				173B7DD620078D490016900C /* FirstWatchApp WatchKit App.app */,
				173B7DE520078D490016900C /* FirstWatchApp WatchKit Extension.appex */,
			);
			name = Products;
			sourceTree = "<group>";
		};
		173B7DBB20078D490016900C /* FirstWatchApp */ = {
			isa = PBXGroup;
			children = (
				173B7DBC20078D490016900C /* AppDelegate.swift */,
				173B7DBE20078D490016900C /* ViewController.swift */,
				173B7DC020078D490016900C /* Main.storyboard */,
				173B7DC320078D490016900C /* Assets.xcassets */,
				173B7DC520078D490016900C /* LaunchScreen.storyboard */,
				173B7DC820078D490016900C /* Info.plist */,
			);
			path = FirstWatchApp;
			sourceTree = "<group>";
		};
		173B7DD020078D490016900C /* FirstWatchAppTests */ = {
			isa = PBXGroup;
			children = (
				173B7DD120078D490016900C /* FirstWatchAppTests.swift */,
				173B7DD320078D490016900C /* Info.plist */,
			);
			path = FirstWatchAppTests;
			sourceTree = "<group>";
		};
		173B7DDA20078D490016900C /* FirstWatchApp WatchKit App */ = {
			isa = PBXGroup;
			children = (
				173B7DDB20078D490016900C /* Interface.storyboard */,
				173B7DDE20078D490016900C /* Assets.xcassets */,
				173B7DE020078D490016900C /* Info.plist */,
			);
			path = "FirstWatchApp WatchKit App";
			sourceTree = "<group>";
		};
		173B7DE920078D490016900C /* FirstWatchApp WatchKit Extension */ = {
			isa = PBXGroup;
			children = (
				173B7DEA20078D490016900C /* InterfaceController.swift */,
				173B7DEC20078D490016900C /* ExtensionDelegate.swift */,
				173B7DEE20078D490016900C /* NotificationController.swift */,
				173B7DF020078D490016900C /* ComplicationController.swift */,
				173B7DF220078D490016900C /* Assets.xcassets */,
				173B7DF420078D490016900C /* Info.plist */,
				173B7DF520078D490016900C /* PushNotificationPayload.apns */,
			);
			path = "FirstWatchApp WatchKit Extension";
			sourceTree = "<group>";
		};
/* End PBXGroup section */

/* Begin PBXNativeTarget section */
		173B7DB820078D490016900C /* FirstWatchApp */ = {
			isa = PBXNativeTarget;
			buildConfigurationList = 173B7E0020078D490016900C /* Build configuration list for PBXNativeTarget "FirstWatchApp" */;
			buildPhases = (
				173B7DB520078D490016900C /* Sources */,
				173B7DB620078D490016900C /* Frameworks */,
				173B7DB720078D490016900C /* Resources */,
				173B7DFF20078D490016900C /* Embed Watch Content */,
			);
			buildRules = (
			);
			dependencies = (
				173B7DD920078D490016900C /* PBXTargetDependency */,
			);
			name = FirstWatchApp;
			productName = FirstWatchApp;
			productReference = 173B7DB920078D490016900C /* FirstWatchApp.app */;
			productType = "com.apple.product-type.application";
		};
		173B7DCC20078D490016900C /* FirstWatchAppTests */ = {
			isa = PBXNativeTarget;
			buildConfigurationList = 173B7E0320078D490016900C /* Build configuration list for PBXNativeTarget "FirstWatchAppTests" */;
			buildPhases = (
				173B7DC920078D490016900C /* Sources */,
				173B7DCA20078D490016900C /* Frameworks */,
				173B7DCB20078D490016900C /* Resources */,
			);
			buildRules = (
			);
			dependencies = (
				173B7DCF20078D490016900C /* PBXTargetDependency */,
			);
			name = FirstWatchAppTests;
			productName = FirstWatchAppTests;
			productReference = 173B7DCD20078D490016900C /* FirstWatchAppTests.xctest */;
			productType = "com.apple.product-type.bundle.unit-test";
		};
		173B7DD520078D490016900C /* FirstWatchApp WatchKit App */ = {
			isa = PBXNativeTarget;
			buildConfigurationList = 173B7DFC20078D490016900C /* Build configuration list for PBXNativeTarget "FirstWatchApp WatchKit App" */;
			buildPhases = (
				173B7DD420078D490016900C /* Resources */,
				173B7DFB20078D490016900C /* Embed App Extensions */,
			);
			buildRules = (
			);
			dependencies = (
				173B7DE820078D490016900C /* PBXTargetDependency */,
			);
			name = "FirstWatchApp WatchKit App";
			productName = "FirstWatchApp WatchKit App";
			productReference = 173B7DD620078D490016900C /* FirstWatchApp WatchKit App.app */;
			productType = "com.apple.product-type.application.watchapp2";
		};
		173B7DE420078D490016900C /* FirstWatchApp WatchKit Extension */ = {
			isa = PBXNativeTarget;
			buildConfigurationList = 173B7DF820078D490016900C /* Build configuration list for PBXNativeTarget "FirstWatchApp WatchKit Extension" */;
			buildPhases = (
				173B7DE120078D490016900C /* Sources */,
				173B7DE220078D490016900C /* Frameworks */,
				173B7DE320078D490016900C /* Resources */,
			);
			buildRules = (
			);
			dependencies = (
			);
			name = "FirstWatchApp WatchKit Extension";
			productName = "FirstWatchApp WatchKit Extension";
			productReference = 173B7DE520078D490016900C /* FirstWatchApp WatchKit Extension.appex */;
			productType = "com.apple.product-type.watchkit2-extension";
		};
/* End PBXNativeTarget section */

/* Begin PBXProject section */
		173B7DB120078D490016900C /* Project object */ = {
			isa = PBXProject;
			attributes = {
				LastSwiftUpdateCheck = 0920;
				LastUpgradeCheck = 0920;
				ORGANIZATIONNAME = org;
				TargetAttributes = {
					173B7DB820078D490016900C = {
						CreatedOnToolsVersion = 9.2;
						ProvisioningStyle = Manual;
					};
					173B7DCC20078D490016900C = {
						CreatedOnToolsVersion = 9.2;
						ProvisioningStyle = Automatic;
						TestTargetID = 173B7DB820078D490016900C;
					};
					173B7DD520078D490016900C = {
						CreatedOnToolsVersion = 9.2;
						ProvisioningStyle = Automatic;
					};
					173B7DE420078D490016900C = {
						CreatedOnToolsVersion = 9.2;
						ProvisioningStyle = Automatic;
					};
				};
			};
			buildConfigurationList = 173B7DB420078D490016900C /* Build configuration list for PBXProject "FirstWatchApp" */;
			compatibilityVersion = "Xcode 8.0";
			developmentRegion = en;
			hasScannedForEncodings = 0;
			knownRegions = (
				en,
				Base,
			);
			mainGroup = 173B7DB020078D490016900C;
			productRefGroup = 173B7DBA20078D490016900C /* Products */;
			projectDirPath = "";
			projectRoot = "";
			targets = (
				173B7DB820078D490016900C /* FirstWatchApp */,
				173B7DCC20078D490016900C /* FirstWatchAppTests */,
				173B7DD520078D490016900C /* FirstWatchApp WatchKit App */,
				173B7DE420078D490016900C /* FirstWatchApp WatchKit Extension */,
			);
		};
/* End PBXProject section */

/* Begin PBXResourcesBuildPhase section */
		173B7DB720078D490016900C /* Resources */ = {
			isa = PBXResourcesBuildPhase;
			buildActionMask = 2147483647;
			files = (
				173B7DC720078D490016900C /* LaunchScreen.storyboard in Resources */,
				173B7DC420078D490016900C /* Assets.xcassets in Resources */,
				173B7DC220078D490016900C /* Main.storyboard in Resources */,
			);
			runOnlyForDeploymentPostprocessing = 0;
		};
		173B7DCB20078D490016900C /* Resources */ = {
			isa = PBXResourcesBuildPhase;
			buildActionMask = 2147483647;
			files = (
			);
			runOnlyForDeploymentPostprocessing = 0;
		};
		173B7DD420078D490016900C /* Resources */ = {
			isa = PBXResourcesBuildPhase;
			buildActionMask = 2147483647;
			files = (
				173B7DDF20078D490016900C /* Assets.xcassets in Resources */,
				173B7DDD20078D490016900C /* Interface.storyboard in Resources */,
			);
			runOnlyForDeploymentPostprocessing = 0;
		};
		173B7DE320078D490016900C /* Resources */ = {
			isa = PBXResourcesBuildPhase;
			buildActionMask = 2147483647;
			files = (
				173B7DF320078D490016900C /* Assets.xcassets in Resources */,
			);
			runOnlyForDeploymentPostprocessing = 0;
		};
/* End PBXResourcesBuildPhase section */

/* Begin PBXSourcesBuildPhase section */
		173B7DB520078D490016900C /* Sources */ = {
			isa = PBXSourcesBuildPhase;
			buildActionMask = 2147483647;
			files = (
				173B7DBF20078D490016900C /* ViewController.swift in Sources */,
				173B7DBD20078D490016900C /* AppDelegate.swift in Sources */,
			);
			runOnlyForDeploymentPostprocessing = 0;
		};
		173B7DC920078D490016900C /* Sources */ = {
			isa = PBXSourcesBuildPhase;
			buildActionMask = 2147483647;
			files = (
				173B7DD220078D490016900C /* FirstWatchAppTests.swift in Sources */,
			);
			runOnlyForDeploymentPostprocessing = 0;
		};
		173B7DE120078D490016900C /* Sources */ = {
			isa = PBXSourcesBuildPhase;
			buildActionMask = 2147483647;
			files = (
				173B7DEF20078D490016900C /* NotificationController.swift in Sources */,
				173B7DF120078D490016900C /* ComplicationController.swift in Sources */,
				173B7DED20078D490016900C /* ExtensionDelegate.swift in Sources */,
				173B7DEB20078D490016900C /* InterfaceController.swift in Sources */,
			);
			runOnlyForDeploymentPostprocessing = 0;
		};
/* End PBXSourcesBuildPhase section */

/* Begin PBXTargetDependency section */
		173B7DCF20078D490016900C /* PBXTargetDependency */ = {
			isa = PBXTargetDependency;
			target = 173B7DB820078D490016900C /* FirstWatchApp */;
			targetProxy = 173B7DCE20078D490016900C /* PBXContainerItemProxy */;
		};
		173B7DD920078D490016900C /* PBXTargetDependency */ = {
			isa = PBXTargetDependency;
			target = 173B7DD520078D490016900C /* FirstWatchApp WatchKit App */;
			targetProxy = 173B7DD820078D490016900C /* PBXContainerItemProxy */;
		};
		173B7DE820078D490016900C /* PBXTargetDependency */ = {
			isa = PBXTargetDependency;
			target = 173B7DE420078D490016900C /* FirstWatchApp WatchKit Extension */;
			targetProxy = 173B7DE720078D490016900C /* PBXContainerItemProxy */;
		};
/* End PBXTargetDependency section */

/* Begin PBXVariantGroup section */
		173B7DC020078D490016900C /* Main.storyboard */ = {
			isa = PBXVariantGroup;
			children = (
				173B7DC120078D490016900C /* Base */,
			);
			name = Main.storyboard;
			sourceTree = "<group>";
		};
		173B7DC520078D490016900C /* LaunchScreen.storyboard */ = {
			isa = PBXVariantGroup;
			children = (
				173B7DC620078D490016900C /* Base */,
			);
			name = LaunchScreen.storyboard;
			sourceTree = "<group>";
		};
		173B7DDB20078D490016900C /* Interface.storyboard */ = {
			isa = PBXVariantGroup;
			children = (
				173B7DDC20078D490016900C /* Base */,
			);
			name = Interface.storyboard;
			sourceTree = "<group>";
		};
/* End PBXVariantGroup section */

/* Begin XCBuildConfiguration section */
		173B7DF620078D490016900C /* Debug */ = {
			isa = XCBuildConfiguration;
			buildSettings = {
				ALWAYS_SEARCH_USER_PATHS = NO;
				CLANG_ANALYZER_NONNULL = YES;
				CLANG_ANALYZER_NUMBER_OBJECT_CONVERSION = YES_AGGRESSIVE;
				CLANG_CXX_LANGUAGE_STANDARD = "gnu++14";
				CLANG_CXX_LIBRARY = "libc++";
				CLANG_ENABLE_MODULES = YES;
				CLANG_ENABLE_OBJC_ARC = YES;
				CLANG_WARN_BLOCK_CAPTURE_AUTORELEASING = YES;
				CLANG_WARN_BOOL_CONVERSION = YES;
				CLANG_WARN_COMMA = YES;
				CLANG_WARN_CONSTANT_CONVERSION = YES;
				CLANG_WARN_DIRECT_OBJC_ISA_USAGE = YES_ERROR;
				CLANG_WARN_DOCUMENTATION_COMMENTS = YES;
				CLANG_WARN_EMPTY_BODY = YES;
				CLANG_WARN_ENUM_CONVERSION = YES;
				CLANG_WARN_INFINITE_RECURSION = YES;
				CLANG_WARN_INT_CONVERSION = YES;
				CLANG_WARN_NON_LITERAL_NULL_CONVERSION = YES;
				CLANG_WARN_OBJC_LITERAL_CONVERSION = YES;
				CLANG_WARN_OBJC_ROOT_CLASS = YES_ERROR;
				CLANG_WARN_RANGE_LOOP_ANALYSIS = YES;
				CLANG_WARN_STRICT_PROTOTYPES = YES;
				CLANG_WARN_SUSPICIOUS_MOVE = YES;
				CLANG_WARN_UNGUARDED_AVAILABILITY = YES_AGGRESSIVE;
				CLANG_WARN_UNREACHABLE_CODE = YES;
				CLANG_WARN__DUPLICATE_METHOD_MATCH = YES;
				CODE_SIGN_IDENTITY = "iPhone Developer";
				COPY_PHASE_STRIP = NO;
				DEBUG_INFORMATION_FORMAT = dwarf;
				ENABLE_STRICT_OBJC_MSGSEND = YES;
				ENABLE_TESTABILITY = YES;
				GCC_C_LANGUAGE_STANDARD = gnu11;
				GCC_DYNAMIC_NO_PIC = NO;
				GCC_NO_COMMON_BLOCKS = YES;
				GCC_OPTIMIZATION_LEVEL = 0;
				GCC_PREPROCESSOR_DEFINITIONS = (
					"DEBUG=1",
					"$(inherited)",
				);
				GCC_WARN_64_TO_32_BIT_CONVERSION = YES;
				GCC_WARN_ABOUT_RETURN_TYPE = YES_ERROR;
				GCC_WARN_UNDECLARED_SELECTOR = YES;
				GCC_WARN_UNINITIALIZED_AUTOS = YES_AGGRESSIVE;
				GCC_WARN_UNUSED_FUNCTION = YES;
				GCC_WARN_UNUSED_VARIABLE = YES;
				IPHONEOS_DEPLOYMENT_TARGET = 11.2;
				MTL_ENABLE_DEBUG_INFO = YES;
				ONLY_ACTIVE_ARCH = YES;
				SDKROOT = iphoneos;
				SWIFT_ACTIVE_COMPILATION_CONDITIONS = DEBUG;
				SWIFT_OPTIMIZATION_LEVEL = "-Onone";
			};
			name = Debug;
		};
		173B7DF720078D490016900C /* Release */ = {
			isa = XCBuildConfiguration;
			buildSettings = {
				ALWAYS_SEARCH_USER_PATHS = NO;
				CLANG_ANALYZER_NONNULL = YES;
				CLANG_ANALYZER_NUMBER_OBJECT_CONVERSION = YES_AGGRESSIVE;
				CLANG_CXX_LANGUAGE_STANDARD = "gnu++14";
				CLANG_CXX_LIBRARY = "libc++";
				CLANG_ENABLE_MODULES = YES;
				CLANG_ENABLE_OBJC_ARC = YES;
				CLANG_WARN_BLOCK_CAPTURE_AUTORELEASING = YES;
				CLANG_WARN_BOOL_CONVERSION = YES;
				CLANG_WARN_COMMA = YES;
				CLANG_WARN_CONSTANT_CONVERSION = YES;
				CLANG_WARN_DIRECT_OBJC_ISA_USAGE = YES_ERROR;
				CLANG_WARN_DOCUMENTATION_COMMENTS = YES;
				CLANG_WARN_EMPTY_BODY = YES;
				CLANG_WARN_ENUM_CONVERSION = YES;
				CLANG_WARN_INFINITE_RECURSION = YES;
				CLANG_WARN_INT_CONVERSION = YES;
				CLANG_WARN_NON_LITERAL_NULL_CONVERSION = YES;
				CLANG_WARN_OBJC_LITERAL_CONVERSION = YES;
				CLANG_WARN_OBJC_ROOT_CLASS = YES_ERROR;
				CLANG_WARN_RANGE_LOOP_ANALYSIS = YES;
				CLANG_WARN_STRICT_PROTOTYPES = YES;
				CLANG_WARN_SUSPICIOUS_MOVE = YES;
				CLANG_WARN_UNGUARDED_AVAILABILITY = YES_AGGRESSIVE;
				CLANG_WARN_UNREACHABLE_CODE = YES;
				CLANG_WARN__DUPLICATE_METHOD_MATCH = YES;
				CODE_SIGN_IDENTITY = "iPhone Developer";
				COPY_PHASE_STRIP = NO;
				DEBUG_INFORMATION_FORMAT = "dwarf-with-dsym";
				ENABLE_NS_ASSERTIONS = NO;
				ENABLE_STRICT_OBJC_MSGSEND = YES;
				GCC_C_LANGUAGE_STANDARD = gnu11;
				GCC_NO_COMMON_BLOCKS = YES;
				GCC_WARN_64_TO_32_BIT_CONVERSION = YES;
				GCC_WARN_ABOUT_RETURN_TYPE = YES_ERROR;
				GCC_WARN_UNDECLARED_SELECTOR = YES;
				GCC_WARN_UNINITIALIZED_AUTOS = YES_AGGRESSIVE;
				GCC_WARN_UNUSED_FUNCTION = YES;
				GCC_WARN_UNUSED_VARIABLE = YES;
				IPHONEOS_DEPLOYMENT_TARGET = 11.2;
				MTL_ENABLE_DEBUG_INFO = NO;
				SDKROOT = iphoneos;
				SWIFT_OPTIMIZATION_LEVEL = "-Owholemodule";
				VALIDATE_PRODUCT = YES;
			};
			name = Release;
		};
		173B7DF920078D490016900C /* Debug */ = {
			isa = XCBuildConfiguration;
			buildSettings = {
				ASSETCATALOG_COMPILER_COMPLICATION_NAME = Complication;
				CODE_SIGN_STYLE = Automatic;
				DEVELOPMENT_TEAM = A8R4J5JA38;
				INFOPLIST_FILE = "FirstWatchApp WatchKit Extension/Info.plist";
				LD_RUNPATH_SEARCH_PATHS = "$(inherited) @executable_path/Frameworks @executable_path/../../Frameworks";
				PRODUCT_BUNDLE_IDENTIFIER = xyz.FirstWatchApp.watchkitapp.watchkitextension;
				PRODUCT_NAME = "${TARGET_NAME}";
				SDKROOT = watchos;
				SKIP_INSTALL = YES;
				SWIFT_VERSION = 4.0;
				TARGETED_DEVICE_FAMILY = 4;
				WATCHOS_DEPLOYMENT_TARGET = 4.2;
			};
			name = Debug;
		};
		173B7DFA20078D490016900C /* Release */ = {
			isa = XCBuildConfiguration;
			buildSettings = {
				ASSETCATALOG_COMPILER_COMPLICATION_NAME = Complication;
				CODE_SIGN_STYLE = Automatic;
				DEVELOPMENT_TEAM = A8R4J5JA38;
				INFOPLIST_FILE = "FirstWatchApp WatchKit Extension/Info.plist";
				LD_RUNPATH_SEARCH_PATHS = "$(inherited) @executable_path/Frameworks @executable_path/../../Frameworks";
				PRODUCT_BUNDLE_IDENTIFIER = xyz.FirstWatchApp.watchkitapp.watchkitextension;
				PRODUCT_NAME = "${TARGET_NAME}";
				SDKROOT = watchos;
				SKIP_INSTALL = YES;
				SWIFT_VERSION = 4.0;
				TARGETED_DEVICE_FAMILY = 4;
				WATCHOS_DEPLOYMENT_TARGET = 4.2;
			};
			name = Release;
		};
		173B7DFD20078D490016900C /* Debug */ = {
			isa = XCBuildConfiguration;
			buildSettings = {
				ALWAYS_EMBED_SWIFT_STANDARD_LIBRARIES = YES;
				ASSETCATALOG_COMPILER_APPICON_NAME = AppIcon;
				CODE_SIGN_STYLE = Automatic;
				DEVELOPMENT_TEAM = A8R4J5JA38;
				IBSC_MODULE = FirstWatchApp_WatchKit_Extension;
				INFOPLIST_FILE = "FirstWatchApp WatchKit App/Info.plist";
				PRODUCT_BUNDLE_IDENTIFIER = xyz.FirstWatchApp.watchkitapp;
				PRODUCT_NAME = "$(TARGET_NAME)";
				SDKROOT = watchos;
				SKIP_INSTALL = YES;
				SWIFT_VERSION = 4.0;
				TARGETED_DEVICE_FAMILY = 4;
				WATCHOS_DEPLOYMENT_TARGET = 4.2;
			};
			name = Debug;
		};
		173B7DFE20078D490016900C /* Release */ = {
			isa = XCBuildConfiguration;
			buildSettings = {
				ALWAYS_EMBED_SWIFT_STANDARD_LIBRARIES = YES;
				ASSETCATALOG_COMPILER_APPICON_NAME = AppIcon;
				CODE_SIGN_STYLE = Automatic;
				DEVELOPMENT_TEAM = A8R4J5JA38;
				IBSC_MODULE = FirstWatchApp_WatchKit_Extension;
				INFOPLIST_FILE = "FirstWatchApp WatchKit App/Info.plist";
				PRODUCT_BUNDLE_IDENTIFIER = xyz.FirstWatchApp.watchkitapp;
				PRODUCT_NAME = "$(TARGET_NAME)";
				SDKROOT = watchos;
				SKIP_INSTALL = YES;
				SWIFT_VERSION = 4.0;
				TARGETED_DEVICE_FAMILY = 4;
				WATCHOS_DEPLOYMENT_TARGET = 4.2;
			};
			name = Release;
		};
		173B7E0120078D490016900C /* Debug */ = {
			isa = XCBuildConfiguration;
			buildSettings = {
				ASSETCATALOG_COMPILER_APPICON_NAME = AppIcon;
				CODE_SIGN_STYLE = Manual;
				DEVELOPMENT_TEAM = "";
				INFOPLIST_FILE = FirstWatchApp/Info.plist;
				LD_RUNPATH_SEARCH_PATHS = "$(inherited) @executable_path/Frameworks";
				PRODUCT_BUNDLE_IDENTIFIER = xyz.FirstWatchApp;
				PRODUCT_NAME = "$(TARGET_NAME)";
				PROVISIONING_PROFILE_SPECIFIER = "";
				SWIFT_VERSION = 4.0;
				TARGETED_DEVICE_FAMILY = "1,2";
			};
			name = Debug;
		};
		173B7E0220078D490016900C /* Release */ = {
			isa = XCBuildConfiguration;
			buildSettings = {
				ASSETCATALOG_COMPILER_APPICON_NAME = AppIcon;
				CODE_SIGN_STYLE = Manual;
				DEVELOPMENT_TEAM = "";
				INFOPLIST_FILE = FirstWatchApp/Info.plist;
				LD_RUNPATH_SEARCH_PATHS = "$(inherited) @executable_path/Frameworks";
				PRODUCT_BUNDLE_IDENTIFIER = xyz.FirstWatchApp;
				PRODUCT_NAME = "$(TARGET_NAME)";
				PROVISIONING_PROFILE_SPECIFIER = "";
				SWIFT_VERSION = 4.0;
				TARGETED_DEVICE_FAMILY = "1,2";
			};
			name = Release;
		};
		173B7E0420078D490016900C /* Debug */ = {
			isa = XCBuildConfiguration;
			buildSettings = {
				ALWAYS_EMBED_SWIFT_STANDARD_LIBRARIES = YES;
				BUNDLE_LOADER = "$(TEST_HOST)";
				CODE_SIGN_STYLE = Automatic;
				DEVELOPMENT_TEAM = A8R4J5JA38;
				INFOPLIST_FILE = FirstWatchAppTests/Info.plist;
				LD_RUNPATH_SEARCH_PATHS = "$(inherited) @executable_path/Frameworks @loader_path/Frameworks";
				PRODUCT_BUNDLE_IDENTIFIER = xyz.FirstWatchAppTests;
				PRODUCT_NAME = "$(TARGET_NAME)";
				SWIFT_VERSION = 4.0;
				TARGETED_DEVICE_FAMILY = "1,2";
				TEST_HOST = "$(BUILT_PRODUCTS_DIR)/FirstWatchApp.app/FirstWatchApp";
			};
			name = Debug;
		};
		173B7E0520078D490016900C /* Release */ = {
			isa = XCBuildConfiguration;
			buildSettings = {
				ALWAYS_EMBED_SWIFT_STANDARD_LIBRARIES = YES;
				BUNDLE_LOADER = "$(TEST_HOST)";
				CODE_SIGN_STYLE = Automatic;
				DEVELOPMENT_TEAM = A8R4J5JA38;
				INFOPLIST_FILE = FirstWatchAppTests/Info.plist;
				LD_RUNPATH_SEARCH_PATHS = "$(inherited) @executable_path/Frameworks @loader_path/Frameworks";
				PRODUCT_BUNDLE_IDENTIFIER = xyz.FirstWatchAppTests;
				PRODUCT_NAME = "$(TARGET_NAME)";
				SWIFT_VERSION = 4.0;
				TARGETED_DEVICE_FAMILY = "1,2";
				TEST_HOST = "$(BUILT_PRODUCTS_DIR)/FirstWatchApp.app/FirstWatchApp";
			};
			name = Release;
		};
/* End XCBuildConfiguration section */

/* Begin XCConfigurationList section */
		173B7DB420078D490016900C /* Build configuration list for PBXProject "FirstWatchApp" */ = {
			isa = XCConfigurationList;
			buildConfigurations = (
				173B7DF620078D490016900C /* Debug */,
				173B7DF720078D490016900C /* Release */,
			);
			defaultConfigurationIsVisible = 0;
			defaultConfigurationName = Release;
		};
		173B7DF820078D490016900C /* Build configuration list for PBXNativeTarget "FirstWatchApp WatchKit Extension" */ = {
			isa = XCConfigurationList;
			buildConfigurations = (
				173B7DF920078D490016900C /* Debug */,
				173B7DFA20078D490016900C /* Release */,
			);
			defaultConfigurationIsVisible = 0;
			defaultConfigurationName = Release;
		};
		173B7DFC20078D490016900C /* Build configuration list for PBXNativeTarget "FirstWatchApp WatchKit App" */ = {
			isa = XCConfigurationList;
			buildConfigurations = (
				173B7DFD20078D490016900C /* Debug */,
				173B7DFE20078D490016900C /* Release */,
			);
			defaultConfigurationIsVisible = 0;
			defaultConfigurationName = Release;
		};
		173B7E0020078D490016900C /* Build configuration list for PBXNativeTarget "FirstWatchApp" */ = {
			isa = XCConfigurationList;
			buildConfigurations = (
				173B7E0120078D490016900C /* Debug */,
				173B7E0220078D490016900C /* Release */,
			);
			defaultConfigurationIsVisible = 0;
			defaultConfigurationName = Release;
		};
		173B7E0320078D490016900C /* Build configuration list for PBXNativeTarget "FirstWatchAppTests" */ = {
			isa = XCConfigurationList;
			buildConfigurations = (
				173B7E0420078D490016900C /* Debug */,
				173B7E0520078D490016900C /* Release */,
			);
			defaultConfigurationIsVisible = 0;
			defaultConfigurationName = Release;
		};
/* End XCConfigurationList section */
	};
	rootObject = 173B7DB120078D490016900C /* Project object */;
}
